
Microsoft Visual Studio Solution File, Format Version 12.00
# Visual Studio Version 17
VisualStudioVersion = 17.9.34701.34
MinimumVisualStudioVersion = 10.0.40219.1
Project("{9A19103F-16F7-4668-BE54-9A1E7A4F7556}") = "WebShopApp", "WebShopApp\WebShopApp.csproj", "{B10694AC-E68B-4ABF-8ECE-07DA7D941F79}"
EndProject
Project("{9A19103F-16F7-4668-BE54-9A1E7A4F7556}") = "WebShopApp.Infrastructure", "WebShopApp.Infrastructure\WebShopApp.Infrastructure.csproj", "{B6C46B7A-3C9E-4A8A-949A-0BF955AD9401}"
EndProject
Project("{FAE04EC0-301F-11D3-BF4B-00C04F79EFBC}") = "WebShopApp.Core", "WebShopApp.Core\WebShopApp.Core.csproj", "{4ED9A1CD-8D6D-43B9-BA94-A534E5EBA46D}"
EndProject
Global
	GlobalSection(SolutionConfigurationPlatforms) = preSolution
		Debug|Any CPU = Debug|Any CPU
		Release|Any CPU = Release|Any CPU
	EndGlobalSection
	GlobalSection(ProjectConfigurationPlatforms) = postSolution
		{B10694AC-E68B-4ABF-8ECE-07DA7D941F79}.Debug|Any CPU.ActiveCfg = Debug|Any CPU
		{B10694AC-E68B-4ABF-8ECE-07DA7D941F79}.Debug|Any CPU.Build.0 = Debug|Any CPU
		{B10694AC-E68B-4ABF-8ECE-07DA7D941F79}.Release|Any CPU.ActiveCfg = Release|Any CPU
		{B10694AC-E68B-4ABF-8ECE-07DA7D941F79}.Release|Any CPU.Build.0 = Release|Any CPU
		{B6C46B7A-3C9E-4A8A-949A-0BF955AD9401}.Debug|Any CPU.ActiveCfg = Debug|Any CPU
		{B6C46B7A-3C9E-4A8A-949A-0BF955AD9401}.Debug|Any CPU.Build.0 = Debug|Any CPU
		{B6C46B7A-3C9E-4A8A-949A-0BF955AD9401}.Release|Any CPU.ActiveCfg = Release|Any CPU
		{B6C46B7A-3C9E-4A8A-949A-0BF955AD9401}.Release|Any CPU.Build.0 = Release|Any CPU
		{4ED9A1CD-8D6D-43B9-BA94-A534E5EBA46D}.Debug|Any CPU.ActiveCfg = Debug|Any CPU
		{4ED9A1CD-8D6D-43B9-BA94-A534E5EBA46D}.Debug|Any CPU.Build.0 = Debug|Any CPU
		{4ED9A1CD-8D6D-43B9-BA94-A534E5EBA46D}.Release|Any CPU.ActiveCfg = Release|Any CPU
		{4ED9A1CD-8D6D-43B9-BA94-A534E5EBA46D}.Release|Any CPU.Build.0 = Release|Any CPU
	EndGlobalSection
	GlobalSection(SolutionProperties) = preSolution
		HideSolutionNode = FALSE
	EndGlobalSection
	GlobalSection(ExtensibilityGlobals) = postSolution
		SolutionGuid = {1D388A3A-E174-448F-86B0-6A14EDE8CD39}
	EndGlobalSection
EndGlobal
